
Microsoft Visual Studio Solution File, Format Version 12.00
# Visual Studio 14
VisualStudioVersion = 14.0.25420.1
MinimumVisualStudioVersion = 10.0.40219.1
Project("{FAE04EC0-301F-11D3-BF4B-00C04F79EFBC}") = "Camera.Droid", "Camera\Camera.Droid\Camera.Droid.csproj", "{CB58BA3E-4907-43CE-B83F-963498E69899}"
EndProject
Project("{FAE04EC0-301F-11D3-BF4B-00C04F79EFBC}") = "Camera.iOS", "Camera\Camera.iOS\Camera.iOS.csproj", "{52E1D8BF-0F73-413A-9310-BFA1CA891AFF}"
EndProject
Project("{FAE04EC0-301F-11D3-BF4B-00C04F79EFBC}") = "Camera.UWP", "Camera\Camera.UWP\Camera.UWP.csproj", "{E7AF5803-91FD-4653-9D9C-0AFC07840A76}"
EndProject
Project("{FAE04EC0-301F-11D3-BF4B-00C04F79EFBC}") = "Camera", "Camera\Camera\Camera.csproj", "{DE9842E1-197D-4F5E-BA36-AEE20032484A}"
EndProject
Global
	GlobalSection(SolutionConfigurationPlatforms) = preSolution
		Ad-Hoc|Any CPU = Ad-Hoc|Any CPU
		Ad-Hoc|ARM = Ad-Hoc|ARM
		Ad-Hoc|iPhone = Ad-Hoc|iPhone
		Ad-Hoc|iPhoneSimulator = Ad-Hoc|iPhoneSimulator
		Ad-Hoc|x64 = Ad-Hoc|x64
		Ad-Hoc|x86 = Ad-Hoc|x86
		AppStore|Any CPU = AppStore|Any CPU
		AppStore|ARM = AppStore|ARM
		AppStore|iPhone = AppStore|iPhone
		AppStore|iPhoneSimulator = AppStore|iPhoneSimulator
		AppStore|x64 = AppStore|x64
		AppStore|x86 = AppStore|x86
		Debug|Any CPU = Debug|Any CPU
		Debug|ARM = Debug|ARM
		Debug|iPhone = Debug|iPhone
		Debug|iPhoneSimulator = Debug|iPhoneSimulator
		Debug|x64 = Debug|x64
		Debug|x86 = Debug|x86
		Release|Any CPU = Release|Any CPU
		Release|ARM = Release|ARM
		Release|iPhone = Release|iPhone
		Release|iPhoneSimulator = Release|iPhoneSimulator
		Release|x64 = Release|x64
		Release|x86 = Release|x86
	EndGlobalSection
	GlobalSection(ProjectConfigurationPlatforms) = postSolution
		{CB58BA3E-4907-43CE-B83F-963498E69899}.Ad-Hoc|Any CPU.ActiveCfg = Release|Any CPU
		{CB58BA3E-4907-43CE-B83F-963498E69899}.Ad-Hoc|Any CPU.Build.0 = Release|Any CPU
		{CB58BA3E-4907-43CE-B83F-963498E69899}.Ad-Hoc|Any CPU.Deploy.0 = Release|Any CPU
		{CB58BA3E-4907-43CE-B83F-963498E69899}.Ad-Hoc|ARM.ActiveCfg = Release|Any CPU
		{CB58BA3E-4907-43CE-B83F-963498E69899}.Ad-Hoc|ARM.Build.0 = Release|Any CPU
		{CB58BA3E-4907-43CE-B83F-963498E69899}.Ad-Hoc|ARM.Deploy.0 = Release|Any CPU
		{CB58BA3E-4907-43CE-B83F-963498E69899}.Ad-Hoc|iPhone.ActiveCfg = Release|Any CPU
		{CB58BA3E-4907-43CE-B83F-963498E69899}.Ad-Hoc|iPhone.Build.0 = Release|Any CPU
		{CB58BA3E-4907-43CE-B83F-963498E69899}.Ad-Hoc|iPhone.Deploy.0 = Release|Any CPU
		{CB58BA3E-4907-43CE-B83F-963498E69899}.Ad-Hoc|iPhoneSimulator.ActiveCfg = Release|Any CPU
		{CB58BA3E-4907-43CE-B83F-963498E69899}.Ad-Hoc|iPhoneSimulator.Build.0 = Release|Any CPU
		{CB58BA3E-4907-43CE-B83F-963498E69899}.Ad-Hoc|iPhoneSimulator.Deploy.0 = Release|Any CPU
		{CB58BA3E-4907-43CE-B83F-963498E69899}.Ad-Hoc|x64.ActiveCfg = Release|Any CPU
		{CB58BA3E-4907-43CE-B83F-963498E69899}.Ad-Hoc|x64.Build.0 = Release|Any CPU
		{CB58BA3E-4907-43CE-B83F-963498E69899}.Ad-Hoc|x64.Deploy.0 = Release|Any CPU
		{CB58BA3E-4907-43CE-B83F-963498E69899}.Ad-Hoc|x86.ActiveCfg = Release|Any CPU
		{CB58BA3E-4907-43CE-B83F-963498E69899}.Ad-Hoc|x86.Build.0 = Release|Any CPU
		{CB58BA3E-4907-43CE-B83F-963498E69899}.Ad-Hoc|x86.Deploy.0 = Release|Any CPU
		{CB58BA3E-4907-43CE-B83F-963498E69899}.AppStore|Any CPU.ActiveCfg = Release|Any CPU
		{CB58BA3E-4907-43CE-B83F-963498E69899}.AppStore|Any CPU.Build.0 = Release|Any CPU
		{CB58BA3E-4907-43CE-B83F-963498E69899}.AppStore|Any CPU.Deploy.0 = Release|Any CPU
		{CB58BA3E-4907-43CE-B83F-963498E69899}.AppStore|ARM.ActiveCfg = Release|Any CPU
		{CB58BA3E-4907-43CE-B83F-963498E69899}.AppStore|ARM.Build.0 = Release|Any CPU
		{CB58BA3E-4907-43CE-B83F-963498E69899}.AppStore|ARM.Deploy.0 = Release|Any CPU
		{CB58BA3E-4907-43CE-B83F-963498E69899}.AppStore|iPhone.ActiveCfg = Release|Any CPU
		{CB58BA3E-4907-43CE-B83F-963498E69899}.AppStore|iPhone.Build.0 = Release|Any CPU
		{CB58BA3E-4907-43CE-B83F-963498E69899}.AppStore|iPhone.Deploy.0 = Release|Any CPU
		{CB58BA3E-4907-43CE-B83F-963498E69899}.AppStore|iPhoneSimulator.ActiveCfg = Release|Any CPU
		{CB58BA3E-4907-43CE-B83F-963498E69899}.AppStore|iPhoneSimulator.Build.0 = Release|Any CPU
		{CB58BA3E-4907-43CE-B83F-963498E69899}.AppStore|iPhoneSimulator.Deploy.0 = Release|Any CPU
		{CB58BA3E-4907-43CE-B83F-963498E69899}.AppStore|x64.ActiveCfg = Release|Any CPU
		{CB58BA3E-4907-43CE-B83F-963498E69899}.AppStore|x64.Build.0 = Release|Any CPU
		{CB58BA3E-4907-43CE-B83F-963498E69899}.AppStore|x64.Deploy.0 = Release|Any CPU
		{CB58BA3E-4907-43CE-B83F-963498E69899}.AppStore|x86.ActiveCfg = Release|Any CPU
		{CB58BA3E-4907-43CE-B83F-963498E69899}.AppStore|x86.Build.0 = Release|Any CPU
		{CB58BA3E-4907-43CE-B83F-963498E69899}.AppStore|x86.Deploy.0 = Release|Any CPU
		{CB58BA3E-4907-43CE-B83F-963498E69899}.Debug|Any CPU.ActiveCfg = Debug|Any CPU
		{CB58BA3E-4907-43CE-B83F-963498E69899}.Debug|Any CPU.Build.0 = Debug|Any CPU
		{CB58BA3E-4907-43CE-B83F-963498E69899}.Debug|Any CPU.Deploy.0 = Debug|Any CPU
		{CB58BA3E-4907-43CE-B83F-963498E69899}.Debug|ARM.ActiveCfg = Debug|Any CPU
		{CB58BA3E-4907-43CE-B83F-963498E69899}.Debug|ARM.Build.0 = Debug|Any CPU
		{CB58BA3E-4907-43CE-B83F-963498E69899}.Debug|ARM.Deploy.0 = Debug|Any CPU
		{CB58BA3E-4907-43CE-B83F-963498E69899}.Debug|iPhone.ActiveCfg = Debug|Any CPU
		{CB58BA3E-4907-43CE-B83F-963498E69899}.Debug|iPhone.Build.0 = Debug|Any CPU
		{CB58BA3E-4907-43CE-B83F-963498E69899}.Debug|iPhone.Deploy.0 = Debug|Any CPU
		{CB58BA3E-4907-43CE-B83F-963498E69899}.Debug|iPhoneSimulator.ActiveCfg = Debug|Any CPU
		{CB58BA3E-4907-43CE-B83F-963498E69899}.Debug|iPhoneSimulator.Build.0 = Debug|Any CPU
		{CB58BA3E-4907-43CE-B83F-963498E69899}.Debug|iPhoneSimulator.Deploy.0 = Debug|Any CPU
		{CB58BA3E-4907-43CE-B83F-963498E69899}.Debug|x64.ActiveCfg = Debug|Any CPU
		{CB58BA3E-4907-43CE-B83F-963498E69899}.Debug|x64.Build.0 = Debug|Any CPU
		{CB58BA3E-4907-43CE-B83F-963498E69899}.Debug|x64.Deploy.0 = Debug|Any CPU
		{CB58BA3E-4907-43CE-B83F-963498E69899}.Debug|x86.ActiveCfg = Debug|Any CPU
		{CB58BA3E-4907-43CE-B83F-963498E69899}.Debug|x86.Build.0 = Debug|Any CPU
		{CB58BA3E-4907-43CE-B83F-963498E69899}.Debug|x86.Deploy.0 = Debug|Any CPU
		{CB58BA3E-4907-43CE-B83F-963498E69899}.Release|Any CPU.ActiveCfg = Release|Any CPU
		{CB58BA3E-4907-43CE-B83F-963498E69899}.Release|Any CPU.Build.0 = Release|Any CPU
		{CB58BA3E-4907-43CE-B83F-963498E69899}.Release|Any CPU.Deploy.0 = Release|Any CPU
		{CB58BA3E-4907-43CE-B83F-963498E69899}.Release|ARM.ActiveCfg = Release|Any CPU
		{CB58BA3E-4907-43CE-B83F-963498E69899}.Release|ARM.Build.0 = Release|Any CPU
		{CB58BA3E-4907-43CE-B83F-963498E69899}.Release|ARM.Deploy.0 = Release|Any CPU
		{CB58BA3E-4907-43CE-B83F-963498E69899}.Release|iPhone.ActiveCfg = Release|Any CPU
		{CB58BA3E-4907-43CE-B83F-963498E69899}.Release|iPhone.Build.0 = Release|Any CPU
		{CB58BA3E-4907-43CE-B83F-963498E69899}.Release|iPhone.Deploy.0 = Release|Any CPU
		{CB58BA3E-4907-43CE-B83F-963498E69899}.Release|iPhoneSimulator.ActiveCfg = Release|Any CPU
		{CB58BA3E-4907-43CE-B83F-963498E69899}.Release|iPhoneSimulator.Build.0 = Release|Any CPU
		{CB58BA3E-4907-43CE-B83F-963498E69899}.Release|iPhoneSimulator.Deploy.0 = Release|Any CPU
		{CB58BA3E-4907-43CE-B83F-963498E69899}.Release|x64.ActiveCfg = Release|Any CPU
		{CB58BA3E-4907-43CE-B83F-963498E69899}.Release|x64.Build.0 = Release|Any CPU
		{CB58BA3E-4907-43CE-B83F-963498E69899}.Release|x64.Deploy.0 = Release|Any CPU
		{CB58BA3E-4907-43CE-B83F-963498E69899}.Release|x86.ActiveCfg = Release|Any CPU
		{CB58BA3E-4907-43CE-B83F-963498E69899}.Release|x86.Build.0 = Release|Any CPU
		{CB58BA3E-4907-43CE-B83F-963498E69899}.Release|x86.Deploy.0 = Release|Any CPU
		{52E1D8BF-0F73-413A-9310-BFA1CA891AFF}.Ad-Hoc|Any CPU.ActiveCfg = Ad-Hoc|iPhone
		{52E1D8BF-0F73-413A-9310-BFA1CA891AFF}.Ad-Hoc|ARM.ActiveCfg = Ad-Hoc|iPhone
		{52E1D8BF-0F73-413A-9310-BFA1CA891AFF}.Ad-Hoc|iPhone.ActiveCfg = Ad-Hoc|iPhone
		{52E1D8BF-0F73-413A-9310-BFA1CA891AFF}.Ad-Hoc|iPhone.Build.0 = Ad-Hoc|iPhone
		{52E1D8BF-0F73-413A-9310-BFA1CA891AFF}.Ad-Hoc|iPhoneSimulator.ActiveCfg = Ad-Hoc|iPhoneSimulator
		{52E1D8BF-0F73-413A-9310-BFA1CA891AFF}.Ad-Hoc|iPhoneSimulator.Build.0 = Ad-Hoc|iPhoneSimulator
		{52E1D8BF-0F73-413A-9310-BFA1CA891AFF}.Ad-Hoc|x64.ActiveCfg = Ad-Hoc|iPhone
		{52E1D8BF-0F73-413A-9310-BFA1CA891AFF}.Ad-Hoc|x86.ActiveCfg = Ad-Hoc|iPhone
		{52E1D8BF-0F73-413A-9310-BFA1CA891AFF}.AppStore|Any CPU.ActiveCfg = AppStore|iPhone
		{52E1D8BF-0F73-413A-9310-BFA1CA891AFF}.AppStore|ARM.ActiveCfg = AppStore|iPhone
		{52E1D8BF-0F73-413A-9310-BFA1CA891AFF}.AppStore|iPhone.ActiveCfg = AppStore|iPhone
		{52E1D8BF-0F73-413A-9310-BFA1CA891AFF}.AppStore|iPhone.Build.0 = AppStore|iPhone
		{52E1D8BF-0F73-413A-9310-BFA1CA891AFF}.AppStore|iPhoneSimulator.ActiveCfg = AppStore|iPhoneSimulator
		{52E1D8BF-0F73-413A-9310-BFA1CA891AFF}.AppStore|iPhoneSimulator.Build.0 = AppStore|iPhoneSimulator
		{52E1D8BF-0F73-413A-9310-BFA1CA891AFF}.AppStore|x64.ActiveCfg = AppStore|iPhone
		{52E1D8BF-0F73-413A-9310-BFA1CA891AFF}.AppStore|x86.ActiveCfg = AppStore|iPhone
		{52E1D8BF-0F73-413A-9310-BFA1CA891AFF}.Debug|Any CPU.ActiveCfg = Debug|iPhone
		{52E1D8BF-0F73-413A-9310-BFA1CA891AFF}.Debug|ARM.ActiveCfg = Debug|iPhone
		{52E1D8BF-0F73-413A-9310-BFA1CA891AFF}.Debug|iPhone.ActiveCfg = Debug|iPhone
		{52E1D8BF-0F73-413A-9310-BFA1CA891AFF}.Debug|iPhone.Build.0 = Debug|iPhone
		{52E1D8BF-0F73-413A-9310-BFA1CA891AFF}.Debug|iPhoneSimulator.ActiveCfg = Debug|iPhoneSimulator
		{52E1D8BF-0F73-413A-9310-BFA1CA891AFF}.Debug|iPhoneSimulator.Build.0 = Debug|iPhoneSimulator
		{52E1D8BF-0F73-413A-9310-BFA1CA891AFF}.Debug|x64.ActiveCfg = Debug|iPhone
		{52E1D8BF-0F73-413A-9310-BFA1CA891AFF}.Debug|x86.ActiveCfg = Debug|iPhone
		{52E1D8BF-0F73-413A-9310-BFA1CA891AFF}.Release|Any CPU.ActiveCfg = Release|iPhone
		{52E1D8BF-0F73-413A-9310-BFA1CA891AFF}.Release|ARM.ActiveCfg = Release|iPhone
		{52E1D8BF-0F73-413A-9310-BFA1CA891AFF}.Release|iPhone.ActiveCfg = Release|iPhone
		{52E1D8BF-0F73-413A-9310-BFA1CA891AFF}.Release|iPhone.Build.0 = Release|iPhone
		{52E1D8BF-0F73-413A-9310-BFA1CA891AFF}.Release|iPhoneSimulator.ActiveCfg = Release|iPhoneSimulator
		{52E1D8BF-0F73-413A-9310-BFA1CA891AFF}.Release|iPhoneSimulator.Build.0 = Release|iPhoneSimulator
		{52E1D8BF-0F73-413A-9310-BFA1CA891AFF}.Release|x64.ActiveCfg = Release|iPhone
		{52E1D8BF-0F73-413A-9310-BFA1CA891AFF}.Release|x86.ActiveCfg = Release|iPhone
		{E7AF5803-91FD-4653-9D9C-0AFC07840A76}.Ad-Hoc|Any CPU.ActiveCfg = Release|x86
		{E7AF5803-91FD-4653-9D9C-0AFC07840A76}.Ad-Hoc|Any CPU.Build.0 = Release|x86
		{E7AF5803-91FD-4653-9D9C-0AFC07840A76}.Ad-Hoc|Any CPU.Deploy.0 = Release|x86
		{E7AF5803-91FD-4653-9D9C-0AFC07840A76}.Ad-Hoc|ARM.ActiveCfg = Release|ARM
		{E7AF5803-91FD-4653-9D9C-0AFC07840A76}.Ad-Hoc|ARM.Build.0 = Release|ARM
		{E7AF5803-91FD-4653-9D9C-0AFC07840A76}.Ad-Hoc|ARM.Deploy.0 = Release|ARM
		{E7AF5803-91FD-4653-9D9C-0AFC07840A76}.Ad-Hoc|iPhone.ActiveCfg = Release|x86
		{E7AF5803-91FD-4653-9D9C-0AFC07840A76}.Ad-Hoc|iPhone.Build.0 = Release|x86
		{E7AF5803-91FD-4653-9D9C-0AFC07840A76}.Ad-Hoc|iPhone.Deploy.0 = Release|x86
		{E7AF5803-91FD-4653-9D9C-0AFC07840A76}.Ad-Hoc|iPhoneSimulator.ActiveCfg = Release|x86
		{E7AF5803-91FD-4653-9D9C-0AFC07840A76}.Ad-Hoc|iPhoneSimulator.Build.0 = Release|x86
		{E7AF5803-91FD-4653-9D9C-0AFC07840A76}.Ad-Hoc|iPhoneSimulator.Deploy.0 = Release|x86
		{E7AF5803-91FD-4653-9D9C-0AFC07840A76}.Ad-Hoc|x64.ActiveCfg = Release|x64
		{E7AF5803-91FD-4653-9D9C-0AFC07840A76}.Ad-Hoc|x64.Build.0 = Release|x64
		{E7AF5803-91FD-4653-9D9C-0AFC07840A76}.Ad-Hoc|x64.Deploy.0 = Release|x64
		{E7AF5803-91FD-4653-9D9C-0AFC07840A76}.Ad-Hoc|x86.ActiveCfg = Release|x86
		{E7AF5803-91FD-4653-9D9C-0AFC07840A76}.Ad-Hoc|x86.Build.0 = Release|x86
		{E7AF5803-91FD-4653-9D9C-0AFC07840A76}.Ad-Hoc|x86.Deploy.0 = Release|x86
		{E7AF5803-91FD-4653-9D9C-0AFC07840A76}.AppStore|Any CPU.ActiveCfg = Release|x86
		{E7AF5803-91FD-4653-9D9C-0AFC07840A76}.AppStore|Any CPU.Build.0 = Release|x86
		{E7AF5803-91FD-4653-9D9C-0AFC07840A76}.AppStore|Any CPU.Deploy.0 = Release|x86
		{E7AF5803-91FD-4653-9D9C-0AFC07840A76}.AppStore|ARM.ActiveCfg = Release|ARM
		{E7AF5803-91FD-4653-9D9C-0AFC07840A76}.AppStore|ARM.Build.0 = Release|ARM
		{E7AF5803-91FD-4653-9D9C-0AFC07840A76}.AppStore|ARM.Deploy.0 = Release|ARM
		{E7AF5803-91FD-4653-9D9C-0AFC07840A76}.AppStore|iPhone.ActiveCfg = Release|x86
		{E7AF5803-91FD-4653-9D9C-0AFC07840A76}.AppStore|iPhone.Build.0 = Release|x86
		{E7AF5803-91FD-4653-9D9C-0AFC07840A76}.AppStore|iPhone.Deploy.0 = Release|x86
		{E7AF5803-91FD-4653-9D9C-0AFC07840A76}.AppStore|iPhoneSimulator.ActiveCfg = Release|x86
		{E7AF5803-91FD-4653-9D9C-0AFC07840A76}.AppStore|iPhoneSimulator.Build.0 = Release|x86
		{E7AF5803-91FD-4653-9D9C-0AFC07840A76}.AppStore|iPhoneSimulator.Deploy.0 = Release|x86
		{E7AF5803-91FD-4653-9D9C-0AFC07840A76}.AppStore|x64.ActiveCfg = Release|x64
		{E7AF5803-91FD-4653-9D9C-0AFC07840A76}.AppStore|x64.Build.0 = Release|x64
		{E7AF5803-91FD-4653-9D9C-0AFC07840A76}.AppStore|x64.Deploy.0 = Release|x64
		{E7AF5803-91FD-4653-9D9C-0AFC07840A76}.AppStore|x86.ActiveCfg = Release|x86
		{E7AF5803-91FD-4653-9D9C-0AFC07840A76}.AppStore|x86.Build.0 = Release|x86
		{E7AF5803-91FD-4653-9D9C-0AFC07840A76}.AppStore|x86.Deploy.0 = Release|x86
		{E7AF5803-91FD-4653-9D9C-0AFC07840A76}.Debug|Any CPU.ActiveCfg = Debug|x86
		{E7AF5803-91FD-4653-9D9C-0AFC07840A76}.Debug|Any CPU.Build.0 = Debug|x86
		{E7AF5803-91FD-4653-9D9C-0AFC07840A76}.Debug|Any CPU.Deploy.0 = Debug|x86
		{E7AF5803-91FD-4653-9D9C-0AFC07840A76}.Debug|ARM.ActiveCfg = Debug|ARM
		{E7AF5803-91FD-4653-9D9C-0AFC07840A76}.Debug|ARM.Build.0 = Debug|ARM
		{E7AF5803-91FD-4653-9D9C-0AFC07840A76}.Debug|ARM.Deploy.0 = Debug|ARM
		{E7AF5803-91FD-4653-9D9C-0AFC07840A76}.Debug|iPhone.ActiveCfg = Debug|x86
		{E7AF5803-91FD-4653-9D9C-0AFC07840A76}.Debug|iPhoneSimulator.ActiveCfg = Debug|x86
		{E7AF5803-91FD-4653-9D9C-0AFC07840A76}.Debug|x64.ActiveCfg = Debug|x64
		{E7AF5803-91FD-4653-9D9C-0AFC07840A76}.Debug|x64.Build.0 = Debug|x64
		{E7AF5803-91FD-4653-9D9C-0AFC07840A76}.Debug|x64.Deploy.0 = Debug|x64
		{E7AF5803-91FD-4653-9D9C-0AFC07840A76}.Debug|x86.ActiveCfg = Debug|x86
		{E7AF5803-91FD-4653-9D9C-0AFC07840A76}.Debug|x86.Build.0 = Debug|x86
		{E7AF5803-91FD-4653-9D9C-0AFC07840A76}.Debug|x86.Deploy.0 = Debug|x86
		{E7AF5803-91FD-4653-9D9C-0AFC07840A76}.Release|Any CPU.ActiveCfg = Release|x86
		{E7AF5803-91FD-4653-9D9C-0AFC07840A76}.Release|ARM.ActiveCfg = Release|ARM
		{E7AF5803-91FD-4653-9D9C-0AFC07840A76}.Release|ARM.Build.0 = Release|ARM
		{E7AF5803-91FD-4653-9D9C-0AFC07840A76}.Release|ARM.Deploy.0 = Release|ARM
		{E7AF5803-91FD-4653-9D9C-0AFC07840A76}.Release|iPhone.ActiveCfg = Release|x86
		{E7AF5803-91FD-4653-9D9C-0AFC07840A76}.Release|iPhoneSimulator.ActiveCfg = Release|x86
		{E7AF5803-91FD-4653-9D9C-0AFC07840A76}.Release|x64.ActiveCfg = Release|x64
		{E7AF5803-91FD-4653-9D9C-0AFC07840A76}.Release|x64.Build.0 = Release|x64
		{E7AF5803-91FD-4653-9D9C-0AFC07840A76}.Release|x64.Deploy.0 = Release|x64
		{E7AF5803-91FD-4653-9D9C-0AFC07840A76}.Release|x86.ActiveCfg = Release|x86
		{E7AF5803-91FD-4653-9D9C-0AFC07840A76}.Release|x86.Build.0 = Release|x86
		{E7AF5803-91FD-4653-9D9C-0AFC07840A76}.Release|x86.Deploy.0 = Release|x86
		{DE9842E1-197D-4F5E-BA36-AEE20032484A}.Ad-Hoc|Any CPU.ActiveCfg = Release|Any CPU
		{DE9842E1-197D-4F5E-BA36-AEE20032484A}.Ad-Hoc|Any CPU.Build.0 = Release|Any CPU
		{DE9842E1-197D-4F5E-BA36-AEE20032484A}.Ad-Hoc|ARM.ActiveCfg = Release|Any CPU
		{DE9842E1-197D-4F5E-BA36-AEE20032484A}.Ad-Hoc|ARM.Build.0 = Release|Any CPU
		{DE9842E1-197D-4F5E-BA36-AEE20032484A}.Ad-Hoc|iPhone.ActiveCfg = Release|Any CPU
		{DE9842E1-197D-4F5E-BA36-AEE20032484A}.Ad-Hoc|iPhone.Build.0 = Release|Any CPU
		{DE9842E1-197D-4F5E-BA36-AEE20032484A}.Ad-Hoc|iPhoneSimulator.ActiveCfg = Release|Any CPU
		{DE9842E1-197D-4F5E-BA36-AEE20032484A}.Ad-Hoc|iPhoneSimulator.Build.0 = Release|Any CPU
		{DE9842E1-197D-4F5E-BA36-AEE20032484A}.Ad-Hoc|x64.ActiveCfg = Release|Any CPU
		{DE9842E1-197D-4F5E-BA36-AEE20032484A}.Ad-Hoc|x64.Build.0 = Release|Any CPU
		{DE9842E1-197D-4F5E-BA36-AEE20032484A}.Ad-Hoc|x86.ActiveCfg = Release|Any CPU
		{DE9842E1-197D-4F5E-BA36-AEE20032484A}.Ad-Hoc|x86.Build.0 = Release|Any CPU
		{DE9842E1-197D-4F5E-BA36-AEE20032484A}.AppStore|Any CPU.ActiveCfg = Release|Any CPU
		{DE9842E1-197D-4F5E-BA36-AEE20032484A}.AppStore|Any CPU.Build.0 = Release|Any CPU
		{DE9842E1-197D-4F5E-BA36-AEE20032484A}.AppStore|ARM.ActiveCfg = Release|Any CPU
		{DE9842E1-197D-4F5E-BA36-AEE20032484A}.AppStore|ARM.Build.0 = Release|Any CPU
		{DE9842E1-197D-4F5E-BA36-AEE20032484A}.AppStore|iPhone.ActiveCfg = Release|Any CPU
		{DE9842E1-197D-4F5E-BA36-AEE20032484A}.AppStore|iPhone.Build.0 = Release|Any CPU
		{DE9842E1-197D-4F5E-BA36-AEE20032484A}.AppStore|iPhoneSimulator.ActiveCfg = Release|Any CPU
		{DE9842E1-197D-4F5E-BA36-AEE20032484A}.AppStore|iPhoneSimulator.Build.0 = Release|Any CPU
		{DE9842E1-197D-4F5E-BA36-AEE20032484A}.AppStore|x64.ActiveCfg = Release|Any CPU
		{DE9842E1-197D-4F5E-BA36-AEE20032484A}.AppStore|x64.Build.0 = Release|Any CPU
		{DE9842E1-197D-4F5E-BA36-AEE20032484A}.AppStore|x86.ActiveCfg = Release|Any CPU
		{DE9842E1-197D-4F5E-BA36-AEE20032484A}.AppStore|x86.Build.0 = Release|Any CPU
		{DE9842E1-197D-4F5E-BA36-AEE20032484A}.Debug|Any CPU.ActiveCfg = Debug|Any CPU
		{DE9842E1-197D-4F5E-BA36-AEE20032484A}.Debug|Any CPU.Build.0 = Debug|Any CPU
		{DE9842E1-197D-4F5E-BA36-AEE20032484A}.Debug|ARM.ActiveCfg = Debug|Any CPU
		{DE9842E1-197D-4F5E-BA36-AEE20032484A}.Debug|ARM.Build.0 = Debug|Any CPU
		{DE9842E1-197D-4F5E-BA36-AEE20032484A}.Debug|iPhone.ActiveCfg = Debug|Any CPU
		{DE9842E1-197D-4F5E-BA36-AEE20032484A}.Debug|iPhone.Build.0 = Debug|Any CPU
		{DE9842E1-197D-4F5E-BA36-AEE20032484A}.Debug|iPhoneSimulator.ActiveCfg = Debug|Any CPU
		{DE9842E1-197D-4F5E-BA36-AEE20032484A}.Debug|iPhoneSimulator.Build.0 = Debug|Any CPU
		{DE9842E1-197D-4F5E-BA36-AEE20032484A}.Debug|x64.ActiveCfg = Debug|Any CPU
		{DE9842E1-197D-4F5E-BA36-AEE20032484A}.Debug|x64.Build.0 = Debug|Any CPU
		{DE9842E1-197D-4F5E-BA36-AEE20032484A}.Debug|x86.ActiveCfg = Debug|Any CPU
		{DE9842E1-197D-4F5E-BA36-AEE20032484A}.Debug|x86.Build.0 = Debug|Any CPU
		{DE9842E1-197D-4F5E-BA36-AEE20032484A}.Release|Any CPU.ActiveCfg = Release|Any CPU
		{DE9842E1-197D-4F5E-BA36-AEE20032484A}.Release|Any CPU.Build.0 = Release|Any CPU
		{DE9842E1-197D-4F5E-BA36-AEE20032484A}.Release|ARM.ActiveCfg = Release|Any CPU
		{DE9842E1-197D-4F5E-BA36-AEE20032484A}.Release|ARM.Build.0 = Release|Any CPU
		{DE9842E1-197D-4F5E-BA36-AEE20032484A}.Release|iPhone.ActiveCfg = Release|Any CPU
		{DE9842E1-197D-4F5E-BA36-AEE20032484A}.Release|iPhone.Build.0 = Release|Any CPU
		{DE9842E1-197D-4F5E-BA36-AEE20032484A}.Release|iPhoneSimulator.ActiveCfg = Release|Any CPU
		{DE9842E1-197D-4F5E-BA36-AEE20032484A}.Release|iPhoneSimulator.Build.0 = Release|Any CPU
		{DE9842E1-197D-4F5E-BA36-AEE20032484A}.Release|x64.ActiveCfg = Release|Any CPU
		{DE9842E1-197D-4F5E-BA36-AEE20032484A}.Release|x64.Build.0 = Release|Any CPU
		{DE9842E1-197D-4F5E-BA36-AEE20032484A}.Release|x86.ActiveCfg = Release|Any CPU
		{DE9842E1-197D-4F5E-BA36-AEE20032484A}.Release|x86.Build.0 = Release|Any CPU
	EndGlobalSection
	GlobalSection(SolutionProperties) = preSolution
		HideSolutionNode = FALSE
	EndGlobalSection
EndGlobal
